
Microsoft Visual Studio Solution File, Format Version 12.00
# Visual Studio 14
VisualStudioVersion = 14.0.25420.1
MinimumVisualStudioVersion = 10.0.40219.1
Project("{FAE04EC0-301F-11D3-BF4B-00C04F79EFBC}") = "Scheduler", "Scheduler\Scheduler.csproj", "{3189F8E6-B2AB-4B6E-8F28-756372C7644E}"
EndProject
Project("{FAE04EC0-301F-11D3-BF4B-00C04F79EFBC}") = "ConsoleHarness", "ConsoleHarness\ConsoleHarness.csproj", "{A8928D86-FBDB-470B-8CBE-3179132712EC}"
EndProject
Project("{FAE04EC0-301F-11D3-BF4B-00C04F79EFBC}") = "Scheduler.Test", "Scheduler.Test\Scheduler.Test.csproj", "{C9002A62-8518-4668-933C-60572835793C}"
EndProject
Project("{2150E333-8FDC-42A3-9474-1A3956D46DE8}") = ".nuget", ".nuget", "{67E3F341-7F5C-4A3D-963C-972834CF2230}"
	ProjectSection(SolutionItems) = preProject
		.nuget\packages.config = .nuget\packages.config
	EndProjectSection
EndProject
Project("{FAE04EC0-301F-11D3-BF4B-00C04F79EFBC}") = "TestData", "ClassLibrary1\TestData.csproj", "{86C11284-0C67-4A55-81FB-B4F82083EB6C}"
EndProject
Project("{FAE04EC0-301F-11D3-BF4B-00C04F79EFBC}") = "Calendar", "Calendar\Calendar.csproj", "{26AA57AE-E333-4237-9178-BAE1B1D80B25}"
EndProject
Project("{FAE04EC0-301F-11D3-BF4B-00C04F79EFBC}") = "CalendarTests", "CalendarTests\CalendarTests.csproj", "{1459D3CD-E742-4694-92A4-7FDA4C9E360F}"
EndProject
Global
	GlobalSection(SolutionConfigurationPlatforms) = preSolution
		Debug|Any CPU = Debug|Any CPU
		Release|Any CPU = Release|Any CPU
	EndGlobalSection
	GlobalSection(ProjectConfigurationPlatforms) = postSolution
		{3189F8E6-B2AB-4B6E-8F28-756372C7644E}.Debug|Any CPU.ActiveCfg = Debug|Any CPU
		{3189F8E6-B2AB-4B6E-8F28-756372C7644E}.Debug|Any CPU.Build.0 = Debug|Any CPU
		{3189F8E6-B2AB-4B6E-8F28-756372C7644E}.Release|Any CPU.ActiveCfg = Release|Any CPU
		{3189F8E6-B2AB-4B6E-8F28-756372C7644E}.Release|Any CPU.Build.0 = Release|Any CPU
		{A8928D86-FBDB-470B-8CBE-3179132712EC}.Debug|Any CPU.ActiveCfg = Debug|Any CPU
		{A8928D86-FBDB-470B-8CBE-3179132712EC}.Debug|Any CPU.Build.0 = Debug|Any CPU
		{A8928D86-FBDB-470B-8CBE-3179132712EC}.Release|Any CPU.ActiveCfg = Release|Any CPU
		{A8928D86-FBDB-470B-8CBE-3179132712EC}.Release|Any CPU.Build.0 = Release|Any CPU
		{C9002A62-8518-4668-933C-60572835793C}.Debug|Any CPU.ActiveCfg = Debug|Any CPU
		{C9002A62-8518-4668-933C-60572835793C}.Debug|Any CPU.Build.0 = Debug|Any CPU
		{C9002A62-8518-4668-933C-60572835793C}.Release|Any CPU.ActiveCfg = Release|Any CPU
		{C9002A62-8518-4668-933C-60572835793C}.Release|Any CPU.Build.0 = Release|Any CPU
		{86C11284-0C67-4A55-81FB-B4F82083EB6C}.Debug|Any CPU.ActiveCfg = Debug|Any CPU
		{86C11284-0C67-4A55-81FB-B4F82083EB6C}.Debug|Any CPU.Build.0 = Debug|Any CPU
		{86C11284-0C67-4A55-81FB-B4F82083EB6C}.Release|Any CPU.ActiveCfg = Release|Any CPU
		{86C11284-0C67-4A55-81FB-B4F82083EB6C}.Release|Any CPU.Build.0 = Release|Any CPU
		{26AA57AE-E333-4237-9178-BAE1B1D80B25}.Debug|Any CPU.ActiveCfg = Debug|Any CPU
		{26AA57AE-E333-4237-9178-BAE1B1D80B25}.Debug|Any CPU.Build.0 = Debug|Any CPU
		{26AA57AE-E333-4237-9178-BAE1B1D80B25}.Release|Any CPU.ActiveCfg = Release|Any CPU
		{26AA57AE-E333-4237-9178-BAE1B1D80B25}.Release|Any CPU.Build.0 = Release|Any CPU
		{1459D3CD-E742-4694-92A4-7FDA4C9E360F}.Debug|Any CPU.ActiveCfg = Debug|Any CPU
		{1459D3CD-E742-4694-92A4-7FDA4C9E360F}.Debug|Any CPU.Build.0 = Debug|Any CPU
		{1459D3CD-E742-4694-92A4-7FDA4C9E360F}.Release|Any CPU.ActiveCfg = Release|Any CPU
		{1459D3CD-E742-4694-92A4-7FDA4C9E360F}.Release|Any CPU.Build.0 = Release|Any CPU
	EndGlobalSection
	GlobalSection(SolutionProperties) = preSolution
		HideSolutionNode = FALSE
	EndGlobalSection
EndGlobal
