
Microsoft Visual Studio Solution File, Format Version 12.00
# Visual Studio 14
VisualStudioVersion = 14.0.25420.1
MinimumVisualStudioVersion = 10.0.40219.1
Project("{FAE04EC0-301F-11D3-BF4B-00C04F79EFBC}") = "Scheduler", "Scheduler\Scheduler.csproj", "{3189F8E6-B2AB-4B6E-8F28-756372C7644E}"
EndProject
Project("{FAE04EC0-301F-11D3-BF4B-00C04F79EFBC}") = "Scheduler.Test", "Scheduler.Test\Scheduler.Test.csproj", "{C9002A62-8518-4668-933C-60572835793C}"
EndProject
Project("{2150E333-8FDC-42A3-9474-1A3956D46DE8}") = ".nuget", ".nuget", "{67E3F341-7F5C-4A3D-963C-972834CF2230}"
	ProjectSection(SolutionItems) = preProject
		.nuget\packages.config = .nuget\packages.config
	EndProjectSection
EndProject
Project("{FAE04EC0-301F-11D3-BF4B-00C04F79EFBC}") = "TestData", "ClassLibrary1\TestData.csproj", "{86C11284-0C67-4A55-81FB-B4F82083EB6C}"
EndProject
Project("{FAE04EC0-301F-11D3-BF4B-00C04F79EFBC}") = "MyCalendar", "Calendar\MyCalendar.csproj", "{26AA57AE-E333-4237-9178-BAE1B1D80B25}"
EndProject
Project("{FAE04EC0-301F-11D3-BF4B-00C04F79EFBC}") = "Calendar.Test", "Calendar.Test\Calendar.Test.csproj", "{5BE7B893-5CE8-4B0A-BAB8-F70BD9450DAA}"
EndProject
Project("{FAE04EC0-301F-11D3-BF4B-00C04F79EFBC}") = "Generators", "Generators\Generators.csproj", "{851F7920-1E14-43B4-8EE3-62A378815151}"
EndProject
Project("{FAE04EC0-301F-11D3-BF4B-00C04F79EFBC}") = "MySerializer", "MySerializer\MySerializer.csproj", "{38134490-CB1F-4604-9880-5F21A13AA399}"
EndProject
Project("{FAE04EC0-301F-11D3-BF4B-00C04F79EFBC}") = "InitialiseDatabase", "InitialiseDatabase\InitialiseDatabase.csproj", "{61F8C04C-1D89-4B7A-93D4-635730CBDB08}"
EndProject
Project("{FAE04EC0-301F-11D3-BF4B-00C04F79EFBC}") = "ScheduleGeneration.Test", "ScheduleGeneration.Test\ScheduleGeneration.Test.csproj", "{AF54FCF9-5E5C-4FDD-9112-691785E13A61}"
EndProject
Project("{2150E333-8FDC-42A3-9474-1A3956D46DE8}") = "Tests", "Tests", "{2E68CB87-23A8-4CFF-BB6A-076D45AE4F43}"
EndProject
Project("{FAE04EC0-301F-11D3-BF4B-00C04F79EFBC}") = "ConsoleOutput", "ConsoleOutput\ConsoleOutput.csproj", "{D53AC907-3125-4727-84F3-C5B60117CE42}"
EndProject
Project("{FAE04EC0-301F-11D3-BF4B-00C04F79EFBC}") = "SchedulerDatabase", "SchedulerDatabase\SchedulerDatabase.csproj", "{30538699-571B-4B17-9F6D-BA7564512521}"
EndProject
Global
	GlobalSection(SolutionConfigurationPlatforms) = preSolution
		Debug|Any CPU = Debug|Any CPU
		Debug|x86 = Debug|x86
		Release|Any CPU = Release|Any CPU
		Release|x86 = Release|x86
	EndGlobalSection
	GlobalSection(ProjectConfigurationPlatforms) = postSolution
		{3189F8E6-B2AB-4B6E-8F28-756372C7644E}.Debug|Any CPU.ActiveCfg = Debug|Any CPU
		{3189F8E6-B2AB-4B6E-8F28-756372C7644E}.Debug|Any CPU.Build.0 = Debug|Any CPU
		{3189F8E6-B2AB-4B6E-8F28-756372C7644E}.Debug|x86.ActiveCfg = Debug|Any CPU
		{3189F8E6-B2AB-4B6E-8F28-756372C7644E}.Debug|x86.Build.0 = Debug|Any CPU
		{3189F8E6-B2AB-4B6E-8F28-756372C7644E}.Release|Any CPU.ActiveCfg = Release|Any CPU
		{3189F8E6-B2AB-4B6E-8F28-756372C7644E}.Release|Any CPU.Build.0 = Release|Any CPU
		{3189F8E6-B2AB-4B6E-8F28-756372C7644E}.Release|x86.ActiveCfg = Release|Any CPU
		{3189F8E6-B2AB-4B6E-8F28-756372C7644E}.Release|x86.Build.0 = Release|Any CPU
		{C9002A62-8518-4668-933C-60572835793C}.Debug|Any CPU.ActiveCfg = Debug|Any CPU
		{C9002A62-8518-4668-933C-60572835793C}.Debug|Any CPU.Build.0 = Debug|Any CPU
		{C9002A62-8518-4668-933C-60572835793C}.Debug|x86.ActiveCfg = Debug|Any CPU
		{C9002A62-8518-4668-933C-60572835793C}.Debug|x86.Build.0 = Debug|Any CPU
		{C9002A62-8518-4668-933C-60572835793C}.Release|Any CPU.ActiveCfg = Release|Any CPU
		{C9002A62-8518-4668-933C-60572835793C}.Release|Any CPU.Build.0 = Release|Any CPU
		{C9002A62-8518-4668-933C-60572835793C}.Release|x86.ActiveCfg = Release|Any CPU
		{C9002A62-8518-4668-933C-60572835793C}.Release|x86.Build.0 = Release|Any CPU
		{86C11284-0C67-4A55-81FB-B4F82083EB6C}.Debug|Any CPU.ActiveCfg = Debug|Any CPU
		{86C11284-0C67-4A55-81FB-B4F82083EB6C}.Debug|Any CPU.Build.0 = Debug|Any CPU
		{86C11284-0C67-4A55-81FB-B4F82083EB6C}.Debug|x86.ActiveCfg = Debug|Any CPU
		{86C11284-0C67-4A55-81FB-B4F82083EB6C}.Debug|x86.Build.0 = Debug|Any CPU
		{86C11284-0C67-4A55-81FB-B4F82083EB6C}.Release|Any CPU.ActiveCfg = Release|Any CPU
		{86C11284-0C67-4A55-81FB-B4F82083EB6C}.Release|Any CPU.Build.0 = Release|Any CPU
		{86C11284-0C67-4A55-81FB-B4F82083EB6C}.Release|x86.ActiveCfg = Release|Any CPU
		{86C11284-0C67-4A55-81FB-B4F82083EB6C}.Release|x86.Build.0 = Release|Any CPU
		{26AA57AE-E333-4237-9178-BAE1B1D80B25}.Debug|Any CPU.ActiveCfg = Debug|Any CPU
		{26AA57AE-E333-4237-9178-BAE1B1D80B25}.Debug|Any CPU.Build.0 = Debug|Any CPU
		{26AA57AE-E333-4237-9178-BAE1B1D80B25}.Debug|x86.ActiveCfg = Debug|Any CPU
		{26AA57AE-E333-4237-9178-BAE1B1D80B25}.Debug|x86.Build.0 = Debug|Any CPU
		{26AA57AE-E333-4237-9178-BAE1B1D80B25}.Release|Any CPU.ActiveCfg = Release|Any CPU
		{26AA57AE-E333-4237-9178-BAE1B1D80B25}.Release|Any CPU.Build.0 = Release|Any CPU
		{26AA57AE-E333-4237-9178-BAE1B1D80B25}.Release|x86.ActiveCfg = Release|Any CPU
		{26AA57AE-E333-4237-9178-BAE1B1D80B25}.Release|x86.Build.0 = Release|Any CPU
		{5BE7B893-5CE8-4B0A-BAB8-F70BD9450DAA}.Debug|Any CPU.ActiveCfg = Debug|Any CPU
		{5BE7B893-5CE8-4B0A-BAB8-F70BD9450DAA}.Debug|Any CPU.Build.0 = Debug|Any CPU
		{5BE7B893-5CE8-4B0A-BAB8-F70BD9450DAA}.Debug|x86.ActiveCfg = Debug|Any CPU
		{5BE7B893-5CE8-4B0A-BAB8-F70BD9450DAA}.Debug|x86.Build.0 = Debug|Any CPU
		{5BE7B893-5CE8-4B0A-BAB8-F70BD9450DAA}.Release|Any CPU.ActiveCfg = Release|Any CPU
		{5BE7B893-5CE8-4B0A-BAB8-F70BD9450DAA}.Release|Any CPU.Build.0 = Release|Any CPU
		{5BE7B893-5CE8-4B0A-BAB8-F70BD9450DAA}.Release|x86.ActiveCfg = Release|Any CPU
		{5BE7B893-5CE8-4B0A-BAB8-F70BD9450DAA}.Release|x86.Build.0 = Release|Any CPU
		{851F7920-1E14-43B4-8EE3-62A378815151}.Debug|Any CPU.ActiveCfg = Debug|Any CPU
		{851F7920-1E14-43B4-8EE3-62A378815151}.Debug|Any CPU.Build.0 = Debug|Any CPU
		{851F7920-1E14-43B4-8EE3-62A378815151}.Debug|x86.ActiveCfg = Debug|Any CPU
		{851F7920-1E14-43B4-8EE3-62A378815151}.Debug|x86.Build.0 = Debug|Any CPU
		{851F7920-1E14-43B4-8EE3-62A378815151}.Release|Any CPU.ActiveCfg = Release|Any CPU
		{851F7920-1E14-43B4-8EE3-62A378815151}.Release|Any CPU.Build.0 = Release|Any CPU
		{851F7920-1E14-43B4-8EE3-62A378815151}.Release|x86.ActiveCfg = Release|Any CPU
		{851F7920-1E14-43B4-8EE3-62A378815151}.Release|x86.Build.0 = Release|Any CPU
		{38134490-CB1F-4604-9880-5F21A13AA399}.Debug|Any CPU.ActiveCfg = Debug|Any CPU
		{38134490-CB1F-4604-9880-5F21A13AA399}.Debug|Any CPU.Build.0 = Debug|Any CPU
		{38134490-CB1F-4604-9880-5F21A13AA399}.Debug|x86.ActiveCfg = Debug|Any CPU
		{38134490-CB1F-4604-9880-5F21A13AA399}.Debug|x86.Build.0 = Debug|Any CPU
		{38134490-CB1F-4604-9880-5F21A13AA399}.Release|Any CPU.ActiveCfg = Release|Any CPU
		{38134490-CB1F-4604-9880-5F21A13AA399}.Release|Any CPU.Build.0 = Release|Any CPU
		{38134490-CB1F-4604-9880-5F21A13AA399}.Release|x86.ActiveCfg = Release|Any CPU
		{38134490-CB1F-4604-9880-5F21A13AA399}.Release|x86.Build.0 = Release|Any CPU
		{61F8C04C-1D89-4B7A-93D4-635730CBDB08}.Debug|Any CPU.ActiveCfg = Debug|Any CPU
		{61F8C04C-1D89-4B7A-93D4-635730CBDB08}.Debug|Any CPU.Build.0 = Debug|Any CPU
		{61F8C04C-1D89-4B7A-93D4-635730CBDB08}.Debug|x86.ActiveCfg = Debug|Any CPU
		{61F8C04C-1D89-4B7A-93D4-635730CBDB08}.Debug|x86.Build.0 = Debug|Any CPU
		{61F8C04C-1D89-4B7A-93D4-635730CBDB08}.Release|Any CPU.ActiveCfg = Release|Any CPU
		{61F8C04C-1D89-4B7A-93D4-635730CBDB08}.Release|Any CPU.Build.0 = Release|Any CPU
		{61F8C04C-1D89-4B7A-93D4-635730CBDB08}.Release|x86.ActiveCfg = Release|Any CPU
		{61F8C04C-1D89-4B7A-93D4-635730CBDB08}.Release|x86.Build.0 = Release|Any CPU
		{AF54FCF9-5E5C-4FDD-9112-691785E13A61}.Debug|Any CPU.ActiveCfg = Debug|Any CPU
		{AF54FCF9-5E5C-4FDD-9112-691785E13A61}.Debug|Any CPU.Build.0 = Debug|Any CPU
		{AF54FCF9-5E5C-4FDD-9112-691785E13A61}.Debug|x86.ActiveCfg = Debug|Any CPU
		{AF54FCF9-5E5C-4FDD-9112-691785E13A61}.Debug|x86.Build.0 = Debug|Any CPU
		{AF54FCF9-5E5C-4FDD-9112-691785E13A61}.Release|Any CPU.ActiveCfg = Release|Any CPU
		{AF54FCF9-5E5C-4FDD-9112-691785E13A61}.Release|Any CPU.Build.0 = Release|Any CPU
		{AF54FCF9-5E5C-4FDD-9112-691785E13A61}.Release|x86.ActiveCfg = Release|Any CPU
		{AF54FCF9-5E5C-4FDD-9112-691785E13A61}.Release|x86.Build.0 = Release|Any CPU
		{D53AC907-3125-4727-84F3-C5B60117CE42}.Debug|Any CPU.ActiveCfg = Debug|Any CPU
		{D53AC907-3125-4727-84F3-C5B60117CE42}.Debug|Any CPU.Build.0 = Debug|Any CPU
		{D53AC907-3125-4727-84F3-C5B60117CE42}.Debug|x86.ActiveCfg = Debug|Any CPU
		{D53AC907-3125-4727-84F3-C5B60117CE42}.Debug|x86.Build.0 = Debug|Any CPU
		{D53AC907-3125-4727-84F3-C5B60117CE42}.Release|Any CPU.ActiveCfg = Release|Any CPU
		{D53AC907-3125-4727-84F3-C5B60117CE42}.Release|Any CPU.Build.0 = Release|Any CPU
		{D53AC907-3125-4727-84F3-C5B60117CE42}.Release|x86.ActiveCfg = Release|Any CPU
		{D53AC907-3125-4727-84F3-C5B60117CE42}.Release|x86.Build.0 = Release|Any CPU
		{30538699-571B-4B17-9F6D-BA7564512521}.Debug|Any CPU.ActiveCfg = Debug|Any CPU
		{30538699-571B-4B17-9F6D-BA7564512521}.Debug|Any CPU.Build.0 = Debug|Any CPU
		{30538699-571B-4B17-9F6D-BA7564512521}.Debug|x86.ActiveCfg = Debug|Any CPU
		{30538699-571B-4B17-9F6D-BA7564512521}.Debug|x86.Build.0 = Debug|Any CPU
		{30538699-571B-4B17-9F6D-BA7564512521}.Release|Any CPU.ActiveCfg = Release|Any CPU
		{30538699-571B-4B17-9F6D-BA7564512521}.Release|Any CPU.Build.0 = Release|Any CPU
		{30538699-571B-4B17-9F6D-BA7564512521}.Release|x86.ActiveCfg = Release|Any CPU
		{30538699-571B-4B17-9F6D-BA7564512521}.Release|x86.Build.0 = Release|Any CPU
	EndGlobalSection
	GlobalSection(SolutionProperties) = preSolution
		HideSolutionNode = FALSE
	EndGlobalSection
EndGlobal
