
Microsoft Visual Studio Solution File, Format Version 12.00
# Visual Studio 15
VisualStudioVersion = 15.0.27130.2024
MinimumVisualStudioVersion = 10.0.40219.1
Project("{FAE04EC0-301F-11D3-BF4B-00C04F79EFBC}") = "Scheduler", "Scheduler\Scheduler.csproj", "{3189F8E6-B2AB-4B6E-8F28-756372C7644E}"
EndProject
Project("{FAE04EC0-301F-11D3-BF4B-00C04F79EFBC}") = "Scheduler.Test", "Scheduler.Test\Scheduler.Test.csproj", "{C9002A62-8518-4668-933C-60572835793C}"
EndProject
Project("{2150E333-8FDC-42A3-9474-1A3956D46DE8}") = ".nuget", ".nuget", "{67E3F341-7F5C-4A3D-963C-972834CF2230}"
	ProjectSection(SolutionItems) = preProject
		.nuget\packages.config = .nuget\packages.config
	EndProjectSection
EndProject
Project("{FAE04EC0-301F-11D3-BF4B-00C04F79EFBC}") = "TestData", "ClassLibrary1\TestData.csproj", "{86C11284-0C67-4A55-81FB-B4F82083EB6C}"
EndProject
Project("{FAE04EC0-301F-11D3-BF4B-00C04F79EFBC}") = "Calendar.Test", "Calendar.Test\Calendar.Test.csproj", "{5BE7B893-5CE8-4B0A-BAB8-F70BD9450DAA}"
EndProject
Project("{FAE04EC0-301F-11D3-BF4B-00C04F79EFBC}") = "Generators", "Generators\Generators.csproj", "{851F7920-1E14-43B4-8EE3-62A378815151}"
EndProject
Project("{FAE04EC0-301F-11D3-BF4B-00C04F79EFBC}") = "ScenarioRunner", "InitialiseDatabase\ScenarioRunner.csproj", "{61F8C04C-1D89-4B7A-93D4-635730CBDB08}"
EndProject
Project("{FAE04EC0-301F-11D3-BF4B-00C04F79EFBC}") = "ScheduleGeneration.Test", "ScheduleGeneration.Test\ScheduleGeneration.Test.csproj", "{AF54FCF9-5E5C-4FDD-9112-691785E13A61}"
EndProject
Project("{2150E333-8FDC-42A3-9474-1A3956D46DE8}") = "Tests", "Tests", "{2E68CB87-23A8-4CFF-BB6A-076D45AE4F43}"
	ProjectSection(SolutionItems) = preProject
		Calendar.Test\EventTests.cs = Calendar.Test\EventTests.cs
	EndProjectSection
EndProject
Project("{FAE04EC0-301F-11D3-BF4B-00C04F79EFBC}") = "ConsoleOutput", "ConsoleOutput\ConsoleOutput.csproj", "{D53AC907-3125-4727-84F3-C5B60117CE42}"
EndProject
Project("{FAE04EC0-301F-11D3-BF4B-00C04F79EFBC}") = "SchedulerDatabase", "SchedulerDatabase\SchedulerDatabase.csproj", "{30538699-571B-4B17-9F6D-BA7564512521}"
EndProject
Project("{FAE04EC0-301F-11D3-BF4B-00C04F79EFBC}") = "Generators.Test", "Generators.Test\Generators.Test.csproj", "{6143D06E-220A-4E48-B6E9-AF844AD1301F}"
EndProject
Project("{2150E333-8FDC-42A3-9474-1A3956D46DE8}") = "SourceScenarios", "SourceScenarios", "{5A1D04AC-4163-41C9-8189-929D2FEB25BF}"
EndProject
Project("{FAE04EC0-301F-11D3-BF4B-00C04F79EFBC}") = "School", "Scenarios\School\School.csproj", "{ABE6C065-419C-46A1-924C-36A4E58478EB}"
EndProject
Project("{FAE04EC0-301F-11D3-BF4B-00C04F79EFBC}") = "TestHelpers", "TestHelpers\TestHelpers.csproj", "{8CD75103-0A87-4EA8-B2CC-D39373F17F8D}"
EndProject
Project("{FAE04EC0-301F-11D3-BF4B-00C04F79EFBC}") = "CoreLibrary", "CoreLibrary\CoreLibrary.csproj", "{6FA11D8E-B230-4B09-ACEE-FCB6DB91DA36}"
EndProject
Project("{2150E333-8FDC-42A3-9474-1A3956D46DE8}") = "Synchronisers", "Synchronisers", "{5BF4970E-EABA-49C3-AE83-4890E429E2B3}"
EndProject
Project("{FAE04EC0-301F-11D3-BF4B-00C04F79EFBC}") = "SynchroniseGoogle", "SynchroniseGoogle\SynchroniseGoogle.csproj", "{B06C26DD-DDD1-40AC-860D-1146CA17054B}"
EndProject
Project("{2150E333-8FDC-42A3-9474-1A3956D46DE8}") = "Targets", "Targets", "{56BAA1AB-BEB7-40F1-A0FD-49014914B3C2}"
EndProject
Project("{FAE04EC0-301F-11D3-BF4B-00C04F79EFBC}") = "Holidays", "Holidays\Holidays.csproj", "{AC5A6429-0D20-431E-88CD-7D453B99CF92}"
EndProject
Project("{2150E333-8FDC-42A3-9474-1A3956D46DE8}") = "IntegrationTests", "IntegrationTests", "{ACB68E6F-C8B8-40EC-AADB-44293DBD5973}"
EndProject
Project("{FAE04EC0-301F-11D3-BF4B-00C04F79EFBC}") = "School", "IntegrationTests\School\School.csproj", "{B5D2E74A-80E8-4D88-BC39-C7963A861CC8}"
EndProject
Global
	GlobalSection(SolutionConfigurationPlatforms) = preSolution
		Debug|Any CPU = Debug|Any CPU
		Debug|x86 = Debug|x86
		Release|Any CPU = Release|Any CPU
		Release|x86 = Release|x86
	EndGlobalSection
	GlobalSection(ProjectConfigurationPlatforms) = postSolution
		{3189F8E6-B2AB-4B6E-8F28-756372C7644E}.Debug|Any CPU.ActiveCfg = Debug|Any CPU
		{3189F8E6-B2AB-4B6E-8F28-756372C7644E}.Debug|Any CPU.Build.0 = Debug|Any CPU
		{3189F8E6-B2AB-4B6E-8F28-756372C7644E}.Debug|x86.ActiveCfg = Debug|Any CPU
		{3189F8E6-B2AB-4B6E-8F28-756372C7644E}.Debug|x86.Build.0 = Debug|Any CPU
		{3189F8E6-B2AB-4B6E-8F28-756372C7644E}.Release|Any CPU.ActiveCfg = Release|Any CPU
		{3189F8E6-B2AB-4B6E-8F28-756372C7644E}.Release|Any CPU.Build.0 = Release|Any CPU
		{3189F8E6-B2AB-4B6E-8F28-756372C7644E}.Release|x86.ActiveCfg = Release|Any CPU
		{3189F8E6-B2AB-4B6E-8F28-756372C7644E}.Release|x86.Build.0 = Release|Any CPU
		{C9002A62-8518-4668-933C-60572835793C}.Debug|Any CPU.ActiveCfg = Debug|Any CPU
		{C9002A62-8518-4668-933C-60572835793C}.Debug|Any CPU.Build.0 = Debug|Any CPU
		{C9002A62-8518-4668-933C-60572835793C}.Debug|x86.ActiveCfg = Debug|Any CPU
		{C9002A62-8518-4668-933C-60572835793C}.Debug|x86.Build.0 = Debug|Any CPU
		{C9002A62-8518-4668-933C-60572835793C}.Release|Any CPU.ActiveCfg = Release|Any CPU
		{C9002A62-8518-4668-933C-60572835793C}.Release|Any CPU.Build.0 = Release|Any CPU
		{C9002A62-8518-4668-933C-60572835793C}.Release|x86.ActiveCfg = Release|Any CPU
		{C9002A62-8518-4668-933C-60572835793C}.Release|x86.Build.0 = Release|Any CPU
		{86C11284-0C67-4A55-81FB-B4F82083EB6C}.Debug|Any CPU.ActiveCfg = Debug|Any CPU
		{86C11284-0C67-4A55-81FB-B4F82083EB6C}.Debug|Any CPU.Build.0 = Debug|Any CPU
		{86C11284-0C67-4A55-81FB-B4F82083EB6C}.Debug|x86.ActiveCfg = Debug|Any CPU
		{86C11284-0C67-4A55-81FB-B4F82083EB6C}.Debug|x86.Build.0 = Debug|Any CPU
		{86C11284-0C67-4A55-81FB-B4F82083EB6C}.Release|Any CPU.ActiveCfg = Release|Any CPU
		{86C11284-0C67-4A55-81FB-B4F82083EB6C}.Release|Any CPU.Build.0 = Release|Any CPU
		{86C11284-0C67-4A55-81FB-B4F82083EB6C}.Release|x86.ActiveCfg = Release|Any CPU
		{86C11284-0C67-4A55-81FB-B4F82083EB6C}.Release|x86.Build.0 = Release|Any CPU
		{5BE7B893-5CE8-4B0A-BAB8-F70BD9450DAA}.Debug|Any CPU.ActiveCfg = Debug|Any CPU
		{5BE7B893-5CE8-4B0A-BAB8-F70BD9450DAA}.Debug|Any CPU.Build.0 = Debug|Any CPU
		{5BE7B893-5CE8-4B0A-BAB8-F70BD9450DAA}.Debug|x86.ActiveCfg = Debug|Any CPU
		{5BE7B893-5CE8-4B0A-BAB8-F70BD9450DAA}.Debug|x86.Build.0 = Debug|Any CPU
		{5BE7B893-5CE8-4B0A-BAB8-F70BD9450DAA}.Release|Any CPU.ActiveCfg = Release|Any CPU
		{5BE7B893-5CE8-4B0A-BAB8-F70BD9450DAA}.Release|Any CPU.Build.0 = Release|Any CPU
		{5BE7B893-5CE8-4B0A-BAB8-F70BD9450DAA}.Release|x86.ActiveCfg = Release|Any CPU
		{5BE7B893-5CE8-4B0A-BAB8-F70BD9450DAA}.Release|x86.Build.0 = Release|Any CPU
		{851F7920-1E14-43B4-8EE3-62A378815151}.Debug|Any CPU.ActiveCfg = Debug|Any CPU
		{851F7920-1E14-43B4-8EE3-62A378815151}.Debug|Any CPU.Build.0 = Debug|Any CPU
		{851F7920-1E14-43B4-8EE3-62A378815151}.Debug|x86.ActiveCfg = Debug|Any CPU
		{851F7920-1E14-43B4-8EE3-62A378815151}.Debug|x86.Build.0 = Debug|Any CPU
		{851F7920-1E14-43B4-8EE3-62A378815151}.Release|Any CPU.ActiveCfg = Release|Any CPU
		{851F7920-1E14-43B4-8EE3-62A378815151}.Release|Any CPU.Build.0 = Release|Any CPU
		{851F7920-1E14-43B4-8EE3-62A378815151}.Release|x86.ActiveCfg = Release|Any CPU
		{851F7920-1E14-43B4-8EE3-62A378815151}.Release|x86.Build.0 = Release|Any CPU
		{61F8C04C-1D89-4B7A-93D4-635730CBDB08}.Debug|Any CPU.ActiveCfg = Debug|Any CPU
		{61F8C04C-1D89-4B7A-93D4-635730CBDB08}.Debug|Any CPU.Build.0 = Debug|Any CPU
		{61F8C04C-1D89-4B7A-93D4-635730CBDB08}.Debug|x86.ActiveCfg = Debug|Any CPU
		{61F8C04C-1D89-4B7A-93D4-635730CBDB08}.Debug|x86.Build.0 = Debug|Any CPU
		{61F8C04C-1D89-4B7A-93D4-635730CBDB08}.Release|Any CPU.ActiveCfg = Release|Any CPU
		{61F8C04C-1D89-4B7A-93D4-635730CBDB08}.Release|Any CPU.Build.0 = Release|Any CPU
		{61F8C04C-1D89-4B7A-93D4-635730CBDB08}.Release|x86.ActiveCfg = Release|Any CPU
		{61F8C04C-1D89-4B7A-93D4-635730CBDB08}.Release|x86.Build.0 = Release|Any CPU
		{AF54FCF9-5E5C-4FDD-9112-691785E13A61}.Debug|Any CPU.ActiveCfg = Debug|Any CPU
		{AF54FCF9-5E5C-4FDD-9112-691785E13A61}.Debug|Any CPU.Build.0 = Debug|Any CPU
		{AF54FCF9-5E5C-4FDD-9112-691785E13A61}.Debug|x86.ActiveCfg = Debug|Any CPU
		{AF54FCF9-5E5C-4FDD-9112-691785E13A61}.Debug|x86.Build.0 = Debug|Any CPU
		{AF54FCF9-5E5C-4FDD-9112-691785E13A61}.Release|Any CPU.ActiveCfg = Release|Any CPU
		{AF54FCF9-5E5C-4FDD-9112-691785E13A61}.Release|Any CPU.Build.0 = Release|Any CPU
		{AF54FCF9-5E5C-4FDD-9112-691785E13A61}.Release|x86.ActiveCfg = Release|Any CPU
		{AF54FCF9-5E5C-4FDD-9112-691785E13A61}.Release|x86.Build.0 = Release|Any CPU
		{D53AC907-3125-4727-84F3-C5B60117CE42}.Debug|Any CPU.ActiveCfg = Debug|Any CPU
		{D53AC907-3125-4727-84F3-C5B60117CE42}.Debug|Any CPU.Build.0 = Debug|Any CPU
		{D53AC907-3125-4727-84F3-C5B60117CE42}.Debug|x86.ActiveCfg = Debug|Any CPU
		{D53AC907-3125-4727-84F3-C5B60117CE42}.Debug|x86.Build.0 = Debug|Any CPU
		{D53AC907-3125-4727-84F3-C5B60117CE42}.Release|Any CPU.ActiveCfg = Release|Any CPU
		{D53AC907-3125-4727-84F3-C5B60117CE42}.Release|Any CPU.Build.0 = Release|Any CPU
		{D53AC907-3125-4727-84F3-C5B60117CE42}.Release|x86.ActiveCfg = Release|Any CPU
		{D53AC907-3125-4727-84F3-C5B60117CE42}.Release|x86.Build.0 = Release|Any CPU
		{30538699-571B-4B17-9F6D-BA7564512521}.Debug|Any CPU.ActiveCfg = Debug|Any CPU
		{30538699-571B-4B17-9F6D-BA7564512521}.Debug|Any CPU.Build.0 = Debug|Any CPU
		{30538699-571B-4B17-9F6D-BA7564512521}.Debug|x86.ActiveCfg = Debug|Any CPU
		{30538699-571B-4B17-9F6D-BA7564512521}.Debug|x86.Build.0 = Debug|Any CPU
		{30538699-571B-4B17-9F6D-BA7564512521}.Release|Any CPU.ActiveCfg = Release|Any CPU
		{30538699-571B-4B17-9F6D-BA7564512521}.Release|Any CPU.Build.0 = Release|Any CPU
		{30538699-571B-4B17-9F6D-BA7564512521}.Release|x86.ActiveCfg = Release|Any CPU
		{30538699-571B-4B17-9F6D-BA7564512521}.Release|x86.Build.0 = Release|Any CPU
		{6143D06E-220A-4E48-B6E9-AF844AD1301F}.Debug|Any CPU.ActiveCfg = Debug|Any CPU
		{6143D06E-220A-4E48-B6E9-AF844AD1301F}.Debug|Any CPU.Build.0 = Debug|Any CPU
		{6143D06E-220A-4E48-B6E9-AF844AD1301F}.Debug|x86.ActiveCfg = Debug|Any CPU
		{6143D06E-220A-4E48-B6E9-AF844AD1301F}.Debug|x86.Build.0 = Debug|Any CPU
		{6143D06E-220A-4E48-B6E9-AF844AD1301F}.Release|Any CPU.ActiveCfg = Release|Any CPU
		{6143D06E-220A-4E48-B6E9-AF844AD1301F}.Release|Any CPU.Build.0 = Release|Any CPU
		{6143D06E-220A-4E48-B6E9-AF844AD1301F}.Release|x86.ActiveCfg = Release|Any CPU
		{6143D06E-220A-4E48-B6E9-AF844AD1301F}.Release|x86.Build.0 = Release|Any CPU
		{ABE6C065-419C-46A1-924C-36A4E58478EB}.Debug|Any CPU.ActiveCfg = Debug|Any CPU
		{ABE6C065-419C-46A1-924C-36A4E58478EB}.Debug|Any CPU.Build.0 = Debug|Any CPU
		{ABE6C065-419C-46A1-924C-36A4E58478EB}.Debug|x86.ActiveCfg = Debug|Any CPU
		{ABE6C065-419C-46A1-924C-36A4E58478EB}.Debug|x86.Build.0 = Debug|Any CPU
		{ABE6C065-419C-46A1-924C-36A4E58478EB}.Release|Any CPU.ActiveCfg = Release|Any CPU
		{ABE6C065-419C-46A1-924C-36A4E58478EB}.Release|Any CPU.Build.0 = Release|Any CPU
		{ABE6C065-419C-46A1-924C-36A4E58478EB}.Release|x86.ActiveCfg = Release|Any CPU
		{ABE6C065-419C-46A1-924C-36A4E58478EB}.Release|x86.Build.0 = Release|Any CPU
		{8CD75103-0A87-4EA8-B2CC-D39373F17F8D}.Debug|Any CPU.ActiveCfg = Debug|Any CPU
		{8CD75103-0A87-4EA8-B2CC-D39373F17F8D}.Debug|Any CPU.Build.0 = Debug|Any CPU
		{8CD75103-0A87-4EA8-B2CC-D39373F17F8D}.Debug|x86.ActiveCfg = Debug|Any CPU
		{8CD75103-0A87-4EA8-B2CC-D39373F17F8D}.Debug|x86.Build.0 = Debug|Any CPU
		{8CD75103-0A87-4EA8-B2CC-D39373F17F8D}.Release|Any CPU.ActiveCfg = Release|Any CPU
		{8CD75103-0A87-4EA8-B2CC-D39373F17F8D}.Release|Any CPU.Build.0 = Release|Any CPU
		{8CD75103-0A87-4EA8-B2CC-D39373F17F8D}.Release|x86.ActiveCfg = Release|Any CPU
		{8CD75103-0A87-4EA8-B2CC-D39373F17F8D}.Release|x86.Build.0 = Release|Any CPU
		{6FA11D8E-B230-4B09-ACEE-FCB6DB91DA36}.Debug|Any CPU.ActiveCfg = Debug|Any CPU
		{6FA11D8E-B230-4B09-ACEE-FCB6DB91DA36}.Debug|Any CPU.Build.0 = Debug|Any CPU
		{6FA11D8E-B230-4B09-ACEE-FCB6DB91DA36}.Debug|x86.ActiveCfg = Debug|Any CPU
		{6FA11D8E-B230-4B09-ACEE-FCB6DB91DA36}.Debug|x86.Build.0 = Debug|Any CPU
		{6FA11D8E-B230-4B09-ACEE-FCB6DB91DA36}.Release|Any CPU.ActiveCfg = Release|Any CPU
		{6FA11D8E-B230-4B09-ACEE-FCB6DB91DA36}.Release|Any CPU.Build.0 = Release|Any CPU
		{6FA11D8E-B230-4B09-ACEE-FCB6DB91DA36}.Release|x86.ActiveCfg = Release|Any CPU
		{6FA11D8E-B230-4B09-ACEE-FCB6DB91DA36}.Release|x86.Build.0 = Release|Any CPU
		{B06C26DD-DDD1-40AC-860D-1146CA17054B}.Debug|Any CPU.ActiveCfg = Debug|Any CPU
		{B06C26DD-DDD1-40AC-860D-1146CA17054B}.Debug|Any CPU.Build.0 = Debug|Any CPU
		{B06C26DD-DDD1-40AC-860D-1146CA17054B}.Debug|x86.ActiveCfg = Debug|Any CPU
		{B06C26DD-DDD1-40AC-860D-1146CA17054B}.Debug|x86.Build.0 = Debug|Any CPU
		{B06C26DD-DDD1-40AC-860D-1146CA17054B}.Release|Any CPU.ActiveCfg = Release|Any CPU
		{B06C26DD-DDD1-40AC-860D-1146CA17054B}.Release|Any CPU.Build.0 = Release|Any CPU
		{B06C26DD-DDD1-40AC-860D-1146CA17054B}.Release|x86.ActiveCfg = Release|Any CPU
		{B06C26DD-DDD1-40AC-860D-1146CA17054B}.Release|x86.Build.0 = Release|Any CPU
		{AC5A6429-0D20-431E-88CD-7D453B99CF92}.Debug|Any CPU.ActiveCfg = Debug|Any CPU
		{AC5A6429-0D20-431E-88CD-7D453B99CF92}.Debug|Any CPU.Build.0 = Debug|Any CPU
		{AC5A6429-0D20-431E-88CD-7D453B99CF92}.Debug|x86.ActiveCfg = Debug|Any CPU
		{AC5A6429-0D20-431E-88CD-7D453B99CF92}.Debug|x86.Build.0 = Debug|Any CPU
		{AC5A6429-0D20-431E-88CD-7D453B99CF92}.Release|Any CPU.ActiveCfg = Release|Any CPU
		{AC5A6429-0D20-431E-88CD-7D453B99CF92}.Release|Any CPU.Build.0 = Release|Any CPU
		{AC5A6429-0D20-431E-88CD-7D453B99CF92}.Release|x86.ActiveCfg = Release|Any CPU
		{AC5A6429-0D20-431E-88CD-7D453B99CF92}.Release|x86.Build.0 = Release|Any CPU
		{B5D2E74A-80E8-4D88-BC39-C7963A861CC8}.Debug|Any CPU.ActiveCfg = Debug|Any CPU
		{B5D2E74A-80E8-4D88-BC39-C7963A861CC8}.Debug|Any CPU.Build.0 = Debug|Any CPU
		{B5D2E74A-80E8-4D88-BC39-C7963A861CC8}.Debug|x86.ActiveCfg = Debug|Any CPU
		{B5D2E74A-80E8-4D88-BC39-C7963A861CC8}.Debug|x86.Build.0 = Debug|Any CPU
		{B5D2E74A-80E8-4D88-BC39-C7963A861CC8}.Release|Any CPU.ActiveCfg = Release|Any CPU
		{B5D2E74A-80E8-4D88-BC39-C7963A861CC8}.Release|Any CPU.Build.0 = Release|Any CPU
		{B5D2E74A-80E8-4D88-BC39-C7963A861CC8}.Release|x86.ActiveCfg = Release|Any CPU
		{B5D2E74A-80E8-4D88-BC39-C7963A861CC8}.Release|x86.Build.0 = Release|Any CPU
	EndGlobalSection
	GlobalSection(SolutionProperties) = preSolution
		HideSolutionNode = FALSE
	EndGlobalSection
	GlobalSection(NestedProjects) = preSolution
		{ABE6C065-419C-46A1-924C-36A4E58478EB} = {5A1D04AC-4163-41C9-8189-929D2FEB25BF}
		{B06C26DD-DDD1-40AC-860D-1146CA17054B} = {5BF4970E-EABA-49C3-AE83-4890E429E2B3}
		{AC5A6429-0D20-431E-88CD-7D453B99CF92} = {5A1D04AC-4163-41C9-8189-929D2FEB25BF}
		{B5D2E74A-80E8-4D88-BC39-C7963A861CC8} = {ACB68E6F-C8B8-40EC-AADB-44293DBD5973}
	EndGlobalSection
	GlobalSection(ExtensibilityGlobals) = postSolution
		SolutionGuid = {46C0E1C7-A91E-4B7B-B757-3931DA3C28D9}
	EndGlobalSection
EndGlobal
